{
  "name": "zisiszikos-personal-website",
  "version": "1.0.0",
  "lockfileVersion": 3,
  "requires": true,
  "packages": {
    "": {
      "name": "zisiszikos-personal-website",
      "version": "1.0.0",
      "license": "MIT",
      "engines": {
        "node": "22.11.0",
        "npm": "10.9.0"
      }
    }
  }
}
